
Microsoft Visual Studio Solution File, Format Version 12.00
# Visual Studio Version 16
VisualStudioVersion = 25.0.1700.0
MinimumVisualStudioVersion = 10.0.40219.1
Project("{FAE04EC0-301F-11D3-BF4B-00C04F79EFBC}") = "ASP.NET_Core_Web_App", "ASP.NET_Core_Web_App\ASP.NET_Core_Web_App.csproj", "{28C9473E-E0F4-4B3E-A334-061F746094E1}"
EndProject
Global
	GlobalSection(SolutionConfigurationPlatforms) = preSolution
		Debug|Any CPU = Debug|Any CPU
		Release|Any CPU = Release|Any CPU
	EndGlobalSection
	GlobalSection(ProjectConfigurationPlatforms) = postSolution
		{28C9473E-E0F4-4B3E-A334-061F746094E1}.Debug|Any CPU.ActiveCfg = Debug|Any CPU
		{28C9473E-E0F4-4B3E-A334-061F746094E1}.Debug|Any CPU.Build.0 = Debug|Any CPU
		{28C9473E-E0F4-4B3E-A334-061F746094E1}.Release|Any CPU.ActiveCfg = Release|Any CPU
		{28C9473E-E0F4-4B3E-A334-061F746094E1}.Release|Any CPU.Build.0 = Release|Any CPU
	EndGlobalSection
	GlobalSection(SolutionProperties) = preSolution
		HideSolutionNode = FALSE
	EndGlobalSection
	GlobalSection(ExtensibilityGlobals) = postSolution
		SolutionGuid = {B15F8438-27CF-45F9-8513-CEFEE4433190}
	EndGlobalSection
EndGlobal
